{
  "version": "3",
  "remote": {
    "https://64c264287e9cbb0008621df3--edge.netlify.com/bootstrap/account.ts": "2a728e5787f089e638732dd9a1bd782770d83d403b60bd6d35977045f77ecf70",
    "https://64c264287e9cbb0008621df3--edge.netlify.com/bootstrap/blobs.ts": "a4ee4d3211e8fd3ef942957e384f829610c7d813de5d75e815353f91fd2a7929",
    "https://64c264287e9cbb0008621df3--edge.netlify.com/bootstrap/bypass.ts": "225c35410fbe6f445f53d30e929f39a3547e8792d1147f5c016aa0068aba0b45",
    "https://64c264287e9cbb0008621df3--edge.netlify.com/bootstrap/cache.ts": "b8cbe411e9cac6529a11bce57fa1693aea14c1c614d977e23641efba8976dc66",
    "https://64c264287e9cbb0008621df3--edge.netlify.com/bootstrap/context.ts": "a157482778b7f8c4fa65ceb2899ce146443c8fb3455e0cd4ded0aa3b5a941fb1",
    "https://64c264287e9cbb0008621df3--edge.netlify.com/bootstrap/cookie.ts": "fa4756ae48228373107f789b18b7db5244d9e6a1bcb5abf4487f0a838aae1c44",
    "https://64c264287e9cbb0008621df3--edge.netlify.com/bootstrap/cookie_store.ts": "f6a78aa6f278dcdaaa8378877f3a4e48440dc7f3d7078e764643e95394a9ecd8",
    "https://64c264287e9cbb0008621df3--edge.netlify.com/bootstrap/deno-fs.ts": "ccd0a9335de14e01d77e8937e2320c99a110f5f2a473b80126750e3884ef952a",
    "https://64c264287e9cbb0008621df3--edge.netlify.com/bootstrap/edge_function.ts": "b8253e86aa83c67341f5cfedeba5049d77fbf84dcab7eceff7566b7728ae9b39",
    "https://64c264287e9cbb0008621df3--edge.netlify.com/bootstrap/environment.ts": "310fda1b6341d50ba1b7838acd3acdcc883a6c59e30783fa486fa03fa512cd3f",
    "https://64c264287e9cbb0008621df3--edge.netlify.com/bootstrap/feature_flags.ts": "6ce8de20def591faebff13f0328e8712f017cf78e355f0d5aa7b359e5ac762b1",
    "https://64c264287e9cbb0008621df3--edge.netlify.com/bootstrap/function_chain.ts": "409b30727c694f74bb4999e232331cc27dfecafd3bc9b33ebe7cec2ef5a69873",
    "https://64c264287e9cbb0008621df3--edge.netlify.com/bootstrap/geo.ts": "18499de9f6df128568f54ebc6435e37c010ad6a742daae1383ff4a6f997f9767",
    "https://64c264287e9cbb0008621df3--edge.netlify.com/bootstrap/globals.ts": "d0f16f3dd058b2df4d2deb2d2673744176f41f7284013d7d3bc790b9ed16cf14",
    "https://64c264287e9cbb0008621df3--edge.netlify.com/bootstrap/handler.ts": "79d75a050cb89b6a673d20c5e059691b8bb93178a72a07ba713555ca024c5a3d",
    "https://64c264287e9cbb0008621df3--edge.netlify.com/bootstrap/headers.ts": "c8207507959258b3a31d7ef6bb17244da5ca0f4c6aa0629647b6a9322872f743",
    "https://64c264287e9cbb0008621df3--edge.netlify.com/bootstrap/index-combined.ts": "d3d3275ef36aff31e35a56da0db128b0f7403cecc4ca8c9af1e17cb78bfa5ae0",
    "https://64c264287e9cbb0008621df3--edge.netlify.com/bootstrap/invocation_metadata.ts": "89bd2194d16bfaceeba9e110e29fcb99917cbb12592d6081f60a297d65a0d5d2",
    "https://64c264287e9cbb0008621df3--edge.netlify.com/bootstrap/log/instrumented_log.ts": "c16f4e5826210bc28c92ae6f2e46a4275338cbfae41ed4266bfd1e8dca0a884a",
    "https://64c264287e9cbb0008621df3--edge.netlify.com/bootstrap/log/logger.ts": "618a2bb3fe1a15658ea95a98e06d31f10afb0d1af86357b9fa52f9311fca9d81",
    "https://64c264287e9cbb0008621df3--edge.netlify.com/bootstrap/log/types.ts": "be534c9e56a358189415e7c447e093daa4293e89c05a210ab20a1218802ac4f9",
    "https://64c264287e9cbb0008621df3--edge.netlify.com/bootstrap/request.ts": "0a70af5c768877d0971d8c9898a87a6ff628c75f0c8a493cc3255e4cf540fc28",
    "https://64c264287e9cbb0008621df3--edge.netlify.com/bootstrap/request_store.ts": "9270fb6d8fb25fb00af79a1406a52084f09d42aa5f8957377d8fecb1bc3b2f99",
    "https://64c264287e9cbb0008621df3--edge.netlify.com/bootstrap/response.ts": "4e0d2537f810028ddbe91138b3526dae3f4c3fb30ff17673342ca971207c21b7",
    "https://64c264287e9cbb0008621df3--edge.netlify.com/bootstrap/retry.ts": "f296ce40940395e9cceb45e7e6df2852cfdd04d560d63b66e0d448550b583f77",
    "https://64c264287e9cbb0008621df3--edge.netlify.com/bootstrap/router.ts": "e8dd576ece5df6c363e2ad6a82b28546ee3a5787150ea2c0f98668a7e1916c4a",
    "https://64c264287e9cbb0008621df3--edge.netlify.com/bootstrap/server.ts": "8b11984bb87a6a414f785a2ef54cc0df41a04bb77c4bc4c8593c7a00a666d9fe",
    "https://64c264287e9cbb0008621df3--edge.netlify.com/bootstrap/site.ts": "c4ab1ea61feaafcebfcc08fb8f501084c92094c5dc4051be049786f403dec0e5",
    "https://64c264287e9cbb0008621df3--edge.netlify.com/bootstrap/stage_2.ts": "9504d8124ec1284a84cb2537b0d04540ee59846aa902d868436057ac5b671307",
    "https://64c264287e9cbb0008621df3--edge.netlify.com/bootstrap/util/errors.ts": "e844f57dbb383a04c76523f1b2e30d8b99f8f7afb843a4b936e8d4d2a8a2d990",
    "https://64c264287e9cbb0008621df3--edge.netlify.com/bootstrap/util/execution_context.ts": "80d560a41b2fc470a8496375030065f05f4cf2bfac5ab9f7f972e9e61c2a00a1",
    "https://64c264287e9cbb0008621df3--edge.netlify.com/bootstrap/util/named_wrapper.ts": "a2b16dc9a8e8fb07509b5cfe29203eebd5bfaafe7589669bae544c8d4d606934",
    "https://64c264287e9cbb0008621df3--edge.netlify.com/bootstrap/util/patch_globals.ts": "824c37d57f874613779bad2f35efbb72ad5cfc8906a57b6c1d48273df1d944bb",
    "https://64c264287e9cbb0008621df3--edge.netlify.com/bootstrap/util/redirect.ts": "44e8579752b8e386fa0c482215b090910a13c1fcab2e302a260fb7eb5cac8b8a",
    "https://64c264287e9cbb0008621df3--edge.netlify.com/bootstrap/util/stack_tracer.ts": "b8eea4305ed2a38a200c95ffd354d3090a4ea225f8e648f54101ee96f8ba6157",
    "https://64c264287e9cbb0008621df3--edge.netlify.com/vendor/v1-3-0--blobs-js.netlify.app/main.ts": "2280f5fb458eeb5b0b08b01ba0374d4c1bba9a5e824e651b40d138f9add5f1de",
    "https://deno.land/std@0.170.0/_util/asserts.ts": "d0844e9b62510f89ce1f9878b046f6a57bf88f208a10304aab50efcb48365272",
    "https://deno.land/std@0.170.0/async/abortable.ts": "80b2ac399f142cc528f95a037a7d0e653296352d95c681e284533765961de409",
    "https://deno.land/std@0.170.0/async/deadline.ts": "2c2deb53c7c28ca1dda7a3ad81e70508b1ebc25db52559de6b8636c9278fd41f",
    "https://deno.land/std@0.170.0/async/debounce.ts": "60301ffb37e730cd2d6f9dadfd0ecb2a38857681bd7aaf6b0a106b06e5210a98",
    "https://deno.land/std@0.170.0/async/deferred.ts": "77d3f84255c3627f1cc88699d8472b664d7635990d5358c4351623e098e917d6",
    "https://deno.land/std@0.170.0/async/delay.ts": "5a9bfba8de38840308a7a33786a0155a7f6c1f7a859558ddcec5fe06e16daf57",
    "https://deno.land/std@0.170.0/async/mod.ts": "7809ad4bb223e40f5fdc043e5c7ca04e0e25eed35c32c3c32e28697c553fa6d9",
    "https://deno.land/std@0.170.0/async/mux_async_iterator.ts": "770a0ff26c59f8bbbda6b703a2235f04e379f73238e8d66a087edc68c2a2c35f",
    "https://deno.land/std@0.170.0/async/pool.ts": "6854d8cd675a74c73391c82005cbbe4cc58183bddcd1fbbd7c2bcda42b61cf69",
    "https://deno.land/std@0.170.0/async/retry.ts": "e8e5173623915bbc0ddc537698fa418cf875456c347eda1ed453528645b42e67",
    "https://deno.land/std@0.170.0/async/tee.ts": "3a47cc4e9a940904fd4341f0224907e199121c80b831faa5ec2b054c6d2eff5e",
    "https://deno.land/std@0.170.0/datetime/to_imf.ts": "bdb0704a986a9bb48fba220722b3d4681e4b8c9c162562ee545ef2eb90b6edcd",
    "https://deno.land/std@0.170.0/encoding/base64.ts": "8605e018e49211efc767686f6f687827d7f5fd5217163e981d8d693105640d7a",
    "https://deno.land/std@0.170.0/flags/mod.ts": "4f50ec6383c02684db35de38b3ffb2cd5b9fcfcc0b1147055d1980c49e82521c",
    "https://deno.land/std@0.170.0/http/cookie.ts": "581464551b3d91739f699fbd6a429e6e8701ae252cf295efcda7379e8410d204",
    "https://deno.land/std@0.170.0/http/http_status.ts": "ed24048cc0d06066c944da59b0301da3ae2f990564bb4ad79bb52a09cf8e9b30",
    "https://deno.land/std@0.170.0/http/server.ts": "1b93c76cd415d7b6ad0ae36c17ccb9149b23f4dff018f7d5aa1ab5c36637eb45",
    "https://esm.sh/cache-control-parser@2.0.2": "20b4d3dcefde595f251bbc981214b343ef787901abfc7de480dca5e468d2da50",
    "https://esm.sh/v106/cache-control-parser@2.0.2/deno/cache-control-parser.js": "2386a423f22b19154da476510f1af4b6d760ee7cb37d55e7853fec42cf455d0a",
    "https://v1-6-0--edge-utils.netlify.app/logger/logger.ts": "7b7c87aa3772890be797e0e9ebd9a22b31c9e3105673ffc1844e88aabc5e5c37",
    "https://v1-6-0--edge-utils.netlify.app/logger/mod.ts": "669a5ec2dceede2926b0e1a7471c449a445f957c1deac559e07fb4c2af390ed1"
  },
  "workspace": {
    "packageJson": {
      "dependencies": [
        "npm:@builder.io/qwik-city@1.7.1",
        "npm:@builder.io/qwik@1.7.1",
        "npm:@netlify/edge-functions@^2.0.0",
        "npm:@types/node@^20.12.7",
        "npm:netlify-cli@^17.0.0",
        "npm:typescript@^5.5.4",
        "npm:undici",
        "npm:vite-tsconfig-paths@^4.2.1",
        "npm:vite@^5.2.10",
        "npm:wrangler@^3.63.1"
      ]
    }
  }
}
